{
  "name": "@starfish/examples-p5js",
  "version": "0.0.1",
  "lockfileVersion": 3,
  "requires": true,
  "packages": {
    "": {
      "name": "@starfish/examples-p5js",
      "version": "0.0.1",
      "dependencies": {
        "@starfish/p5": "file:../../adapters/p5js"
      }
    },
    "../../adapters/p5js": {
      "name": "@driangle/starfish-p5",
      "version": "0.0.1",
      "license": "MIT",
      "dependencies": {
        "@driangle/starfish-client": "file:../../sdks/typescript"
      },
      "devDependencies": {
        "@typescript-eslint/parser": "^8.63.0",
        "esbuild": "^0.25.0",
        "eslint": "^10.6.0",
        "prettier": "^3.9.5",
        "typescript": "^5.8.3",
        "vitest": "^3.2.3"
      }
    },
    "node_modules/@starfish/p5": {
      "resolved": "../../adapters/p5js",
      "link": true
    }
  }
}
