{
  "name": "@starfish/examples-threejs",
  "version": "0.0.1",
  "lockfileVersion": 3,
  "requires": true,
  "packages": {
    "": {
      "name": "@starfish/examples-threejs",
      "version": "0.0.1",
      "dependencies": {
        "@starfish/three": "file:../../adapters/threejs"
      }
    },
    "../../adapters/threejs": {
      "name": "@starfish/three",
      "version": "0.0.1",
      "dependencies": {
        "@starfish/client": "file:../../sdks/typescript"
      },
      "devDependencies": {
        "@typescript-eslint/parser": "^8.63.0",
        "esbuild": "^0.25.0",
        "eslint": "^10.6.0",
        "prettier": "^3.9.5",
        "typescript": "^5.8.3",
        "vitest": "^3.2.3"
      }
    },
    "node_modules/@starfish/three": {
      "resolved": "../../adapters/threejs",
      "link": true
    }
  }
}
